
Microsoft Visual Studio Solution File, Format Version 12.00
# Visual Studio Version 16
VisualStudioVersion = 16.0.31515.178
MinimumVisualStudioVersion = 10.0.40219.1
Project("{9A19103F-16F7-4668-BE54-9A1E7A4F7556}") = "Project1", "Project1\Project1.csproj", "{FE7334E7-238E-441C-9D9D-B1E6F8A4A6CA}"
EndProject
Project("{9A19103F-16F7-4668-BE54-9A1E7A4F7556}") = "Project2", "Project2\Project2.csproj", "{6032ADC5-AA1C-4529-8AF3-CDCFB41B4A3F}"
EndProject
Project("{FAE04EC0-301F-11D3-BF4B-00C04F79EFBC}") = "ClassLibrary1", "ClassLibrary1\ClassLibrary1.csproj", "{DA958F17-D8C5-458F-8878-486C5BD265E2}"
EndProject
Global
	GlobalSection(SolutionConfigurationPlatforms) = preSolution
		Debug|Any CPU = Debug|Any CPU
		Release|Any CPU = Release|Any CPU
	EndGlobalSection
	GlobalSection(ProjectConfigurationPlatforms) = postSolution
		{FE7334E7-238E-441C-9D9D-B1E6F8A4A6CA}.Debug|Any CPU.ActiveCfg = Debug|Any CPU
		{FE7334E7-238E-441C-9D9D-B1E6F8A4A6CA}.Debug|Any CPU.Build.0 = Debug|Any CPU
		{FE7334E7-238E-441C-9D9D-B1E6F8A4A6CA}.Release|Any CPU.ActiveCfg = Release|Any CPU
		{FE7334E7-238E-441C-9D9D-B1E6F8A4A6CA}.Release|Any CPU.Build.0 = Release|Any CPU
		{6032ADC5-AA1C-4529-8AF3-CDCFB41B4A3F}.Debug|Any CPU.ActiveCfg = Debug|Any CPU
		{6032ADC5-AA1C-4529-8AF3-CDCFB41B4A3F}.Debug|Any CPU.Build.0 = Debug|Any CPU
		{6032ADC5-AA1C-4529-8AF3-CDCFB41B4A3F}.Release|Any CPU.ActiveCfg = Release|Any CPU
		{6032ADC5-AA1C-4529-8AF3-CDCFB41B4A3F}.Release|Any CPU.Build.0 = Release|Any CPU
		{DA958F17-D8C5-458F-8878-486C5BD265E2}.Debug|Any CPU.ActiveCfg = Debug|Any CPU
		{DA958F17-D8C5-458F-8878-486C5BD265E2}.Debug|Any CPU.Build.0 = Debug|Any CPU
		{DA958F17-D8C5-458F-8878-486C5BD265E2}.Release|Any CPU.ActiveCfg = Release|Any CPU
		{DA958F17-D8C5-458F-8878-486C5BD265E2}.Release|Any CPU.Build.0 = Release|Any CPU
	EndGlobalSection
	GlobalSection(SolutionProperties) = preSolution
		HideSolutionNode = FALSE
	EndGlobalSection
	GlobalSection(ExtensibilityGlobals) = postSolution
		SolutionGuid = {8ECA105F-36EE-4226-9904-C9E2CEB6F17E}
	EndGlobalSection
EndGlobal
